// !$*UTF8*$!
{
	archiveVersion = 1;
	classes = {
	};
	objectVersion = 46;
	objects = {

/* Begin PBXBuildFile section */
		930F25DB1CDC29A5003BD638 /* WorkTimeCell.m in Sources */ = {isa = PBXBuildFile; fileRef = 930F25DA1CDC29A5003BD638 /* WorkTimeCell.m */; };
		930F25DE1CDC29B9003BD638 /* CommitCarCell.m in Sources */ = {isa = PBXBuildFile; fileRef = 930F25DD1CDC29B9003BD638 /* CommitCarCell.m */; };
		930F25E11CDC2A10003BD638 /* ServiceTitleCell.m in Sources */ = {isa = PBXBuildFile; fileRef = 930F25E01CDC2A10003BD638 /* ServiceTitleCell.m */; };
		930F25E41CDC2D5B003BD638 /* WorkTimeHeaderView.m in Sources */ = {isa = PBXBuildFile; fileRef = 930F25E31CDC2D5B003BD638 /* WorkTimeHeaderView.m */; };
		930F25E71CDC2D6B003BD638 /* CommitCarHeaderView.m in Sources */ = {isa = PBXBuildFile; fileRef = 930F25E61CDC2D6B003BD638 /* CommitCarHeaderView.m */; };
		930F25E91CDC2D80003BD638 /* WorkTimeHeaderView.xib in Resources */ = {isa = PBXBuildFile; fileRef = 930F25E81CDC2D80003BD638 /* WorkTimeHeaderView.xib */; };
		930F25EB1CDC2D8C003BD638 /* CommitCarHeaderView.xib in Resources */ = {isa = PBXBuildFile; fileRef = 930F25EA1CDC2D8C003BD638 /* CommitCarHeaderView.xib */; };
		930F64C41CD9D6990088052C /* VersionsViewController.m in Sources */ = {isa = PBXBuildFile; fileRef = 930F64C31CD9D6990088052C /* VersionsViewController.m */; };
		930F64C71CD9E65D0088052C /* GuideCell.m in Sources */ = {isa = PBXBuildFile; fileRef = 930F64C61CD9E65D0088052C /* GuideCell.m */; };
		930F64CA1CD9EFD40088052C /* GuideHeaderView.m in Sources */ = {isa = PBXBuildFile; fileRef = 930F64C91CD9EFD40088052C /* GuideHeaderView.m */; };
		930F64CC1CD9EFE50088052C /* GuideHeaderView.xib in Resources */ = {isa = PBXBuildFile; fileRef = 930F64CB1CD9EFE50088052C /* GuideHeaderView.xib */; };
		935623441CD83B020019C8BA /* main.m in Sources */ = {isa = PBXBuildFile; fileRef = 935623431CD83B020019C8BA /* main.m */; };
		9356234F1CD83B020019C8BA /* Assets.xcassets in Resources */ = {isa = PBXBuildFile; fileRef = 9356234E1CD83B020019C8BA /* Assets.xcassets */; };
		935623521CD83B020019C8BA /* LaunchScreen.storyboard in Resources */ = {isa = PBXBuildFile; fileRef = 935623501CD83B020019C8BA /* LaunchScreen.storyboard */; };
		9356235D1CD83B020019C8BA /* WorkStationTests.m in Sources */ = {isa = PBXBuildFile; fileRef = 9356235C1CD83B020019C8BA /* WorkStationTests.m */; };
		935623681CD83B020019C8BA /* WorkStationUITests.m in Sources */ = {isa = PBXBuildFile; fileRef = 935623671CD83B020019C8BA /* WorkStationUITests.m */; };
		93A51ED61CD9965200DCCE14 /* GuideViewController.m in Sources */ = {isa = PBXBuildFile; fileRef = 93A51EB71CD9965200DCCE14 /* GuideViewController.m */; };
		93A51ED71CD9965200DCCE14 /* Guide.storyboard in Resources */ = {isa = PBXBuildFile; fileRef = 93A51EB81CD9965200DCCE14 /* Guide.storyboard */; };
		93A51EDE1CD996BA00DCCE14 /* Working.storyboard in Resources */ = {isa = PBXBuildFile; fileRef = 93A51EDD1CD996BA00DCCE14 /* Working.storyboard */; };
		93A51EE01CD996CC00DCCE14 /* WareHouse.storyboard in Resources */ = {isa = PBXBuildFile; fileRef = 93A51EDF1CD996CC00DCCE14 /* WareHouse.storyboard */; };
		93A51EE21CD996EE00DCCE14 /* Purchase.storyboard in Resources */ = {isa = PBXBuildFile; fileRef = 93A51EE11CD996EE00DCCE14 /* Purchase.storyboard */; };
		93A51EE41CD996F800DCCE14 /* Manager.storyboard in Resources */ = {isa = PBXBuildFile; fileRef = 93A51EE31CD996F800DCCE14 /* Manager.storyboard */; };
		93A51EE71CD9971200DCCE14 /* WorkingViewController.m in Sources */ = {isa = PBXBuildFile; fileRef = 93A51EE61CD9971200DCCE14 /* WorkingViewController.m */; };
		93A51EEA1CD9972200DCCE14 /* WareHouseViewController.m in Sources */ = {isa = PBXBuildFile; fileRef = 93A51EE91CD9972200DCCE14 /* WareHouseViewController.m */; };
		93A51EED1CD9972D00DCCE14 /* PurcgaseViewController.m in Sources */ = {isa = PBXBuildFile; fileRef = 93A51EEC1CD9972D00DCCE14 /* PurcgaseViewController.m */; };
		93A51EF01CD9973400DCCE14 /* ManagerViewController.m in Sources */ = {isa = PBXBuildFile; fileRef = 93A51EEF1CD9973400DCCE14 /* ManagerViewController.m */; };
		93A51F031CD99B3800DCCE14 /* AppDelegate.m in Sources */ = {isa = PBXBuildFile; fileRef = 93A51EF71CD99B3800DCCE14 /* AppDelegate.m */; };
		93A51F041CD99B3800DCCE14 /* RootViewController.m in Sources */ = {isa = PBXBuildFile; fileRef = 93A51EFA1CD99B3800DCCE14 /* RootViewController.m */; };
		93A51F051CD99B3800DCCE14 /* TabBarViewController.m in Sources */ = {isa = PBXBuildFile; fileRef = 93A51EFC1CD99B3800DCCE14 /* TabBarViewController.m */; };
		93A51F061CD99B3800DCCE14 /* Root.storyboard in Resources */ = {isa = PBXBuildFile; fileRef = 93A51EFE1CD99B3800DCCE14 /* Root.storyboard */; };
		93A51F071CD99B3800DCCE14 /* UserCenterCell.m in Sources */ = {isa = PBXBuildFile; fileRef = 93A51F011CD99B3800DCCE14 /* UserCenterCell.m */; };
		93A51F0A1CD9A2E100DCCE14 /* SettingViewController.m in Sources */ = {isa = PBXBuildFile; fileRef = 93A51F091CD9A2E100DCCE14 /* SettingViewController.m */; };
		93A51F0D1CD9A2EB00DCCE14 /* MessageViewController.m in Sources */ = {isa = PBXBuildFile; fileRef = 93A51F0C1CD9A2EB00DCCE14 /* MessageViewController.m */; };
		93A51F101CD9A38600DCCE14 /* MessageListCell.m in Sources */ = {isa = PBXBuildFile; fileRef = 93A51F0F1CD9A38600DCCE14 /* MessageListCell.m */; };
		93A51F131CD9A39300DCCE14 /* SettingListCell.m in Sources */ = {isa = PBXBuildFile; fileRef = 93A51F121CD9A39300DCCE14 /* SettingListCell.m */; };
		93A51F161CD9AB4400DCCE14 /* PrinterViewController.m in Sources */ = {isa = PBXBuildFile; fileRef = 93A51F151CD9AB4400DCCE14 /* PrinterViewController.m */; };
		93A51F191CD9B8BA00DCCE14 /* PrinterCell.m in Sources */ = {isa = PBXBuildFile; fileRef = 93A51F181CD9B8BA00DCCE14 /* PrinterCell.m */; };
		93A51F1E1CD9BD2100DCCE14 /* PrinterSectionView.xib in Resources */ = {isa = PBXBuildFile; fileRef = 93A51F1D1CD9BD2100DCCE14 /* PrinterSectionView.xib */; };
		93A51F211CD9BD4400DCCE14 /* PrinterSectionView.m in Sources */ = {isa = PBXBuildFile; fileRef = 93A51F201CD9BD4400DCCE14 /* PrinterSectionView.m */; };
		93A51F241CD9CDEA00DCCE14 /* ChangePasswordViewController.m in Sources */ = {isa = PBXBuildFile; fileRef = 93A51F231CD9CDEA00DCCE14 /* ChangePasswordViewController.m */; };
		93BFD7D61CDB3BA40029BD6F /* WorkingHeaderView.xib in Resources */ = {isa = PBXBuildFile; fileRef = 93BFD7D51CDB3BA40029BD6F /* WorkingHeaderView.xib */; };
		93BFD7D91CDB3BB60029BD6F /* WorkingHeaderView.m in Sources */ = {isa = PBXBuildFile; fileRef = 93BFD7D81CDB3BB60029BD6F /* WorkingHeaderView.m */; };
		93BFD7DF1CDB4C330029BD6F /* WorkTimeChartViewController.m in Sources */ = {isa = PBXBuildFile; fileRef = 93BFD7DE1CDB4C330029BD6F /* WorkTimeChartViewController.m */; };
		93BFD7E51CDB4C7E0029BD6F /* CommitCarPercentViewController.m in Sources */ = {isa = PBXBuildFile; fileRef = 93BFD7E41CDB4C7E0029BD6F /* CommitCarPercentViewController.m */; };
		93BFD7E81CDB4C990029BD6F /* RepairPercentViewController.m in Sources */ = {isa = PBXBuildFile; fileRef = 93BFD7E71CDB4C990029BD6F /* RepairPercentViewController.m */; };
/* End PBXBuildFile section */

/* Begin PBXContainerItemProxy section */
		935623591CD83B020019C8BA /* PBXContainerItemProxy */ = {
			isa = PBXContainerItemProxy;
			containerPortal = 935623371CD83B020019C8BA /* Project object */;
			proxyType = 1;
			remoteGlobalIDString = 9356233E1CD83B020019C8BA;
			remoteInfo = WorkStation;
		};
		935623641CD83B020019C8BA /* PBXContainerItemProxy */ = {
			isa = PBXContainerItemProxy;
			containerPortal = 935623371CD83B020019C8BA /* Project object */;
			proxyType = 1;
			remoteGlobalIDString = 9356233E1CD83B020019C8BA;
			remoteInfo = WorkStation;
		};
/* End PBXContainerItemProxy section */

/* Begin PBXFileReference section */
		930F25D91CDC29A5003BD638 /* WorkTimeCell.h */ = {isa = PBXFileReference; fileEncoding = 4; lastKnownFileType = sourcecode.c.h; path = WorkTimeCell.h; sourceTree = "<group>"; };
		930F25DA1CDC29A5003BD638 /* WorkTimeCell.m */ = {isa = PBXFileReference; fileEncoding = 4; lastKnownFileType = sourcecode.c.objc; path = WorkTimeCell.m; sourceTree = "<group>"; };
		930F25DC1CDC29B9003BD638 /* CommitCarCell.h */ = {isa = PBXFileReference; fileEncoding = 4; lastKnownFileType = sourcecode.c.h; path = CommitCarCell.h; sourceTree = "<group>"; };
		930F25DD1CDC29B9003BD638 /* CommitCarCell.m */ = {isa = PBXFileReference; fileEncoding = 4; lastKnownFileType = sourcecode.c.objc; path = CommitCarCell.m; sourceTree = "<group>"; };
		930F25DF1CDC2A10003BD638 /* ServiceTitleCell.h */ = {isa = PBXFileReference; fileEncoding = 4; lastKnownFileType = sourcecode.c.h; path = ServiceTitleCell.h; sourceTree = "<group>"; };
		930F25E01CDC2A10003BD638 /* ServiceTitleCell.m */ = {isa = PBXFileReference; fileEncoding = 4; lastKnownFileType = sourcecode.c.objc; path = ServiceTitleCell.m; sourceTree = "<group>"; };
		930F25E21CDC2D5B003BD638 /* WorkTimeHeaderView.h */ = {isa = PBXFileReference; fileEncoding = 4; lastKnownFileType = sourcecode.c.h; path = WorkTimeHeaderView.h; sourceTree = "<group>"; };
		930F25E31CDC2D5B003BD638 /* WorkTimeHeaderView.m */ = {isa = PBXFileReference; fileEncoding = 4; lastKnownFileType = sourcecode.c.objc; path = WorkTimeHeaderView.m; sourceTree = "<group>"; };
		930F25E51CDC2D6B003BD638 /* CommitCarHeaderView.h */ = {isa = PBXFileReference; fileEncoding = 4; lastKnownFileType = sourcecode.c.h; path = CommitCarHeaderView.h; sourceTree = "<group>"; };
		930F25E61CDC2D6B003BD638 /* CommitCarHeaderView.m */ = {isa = PBXFileReference; fileEncoding = 4; lastKnownFileType = sourcecode.c.objc; path = CommitCarHeaderView.m; sourceTree = "<group>"; };
		930F25E81CDC2D80003BD638 /* WorkTimeHeaderView.xib */ = {isa = PBXFileReference; fileEncoding = 4; lastKnownFileType = file.xib; path = WorkTimeHeaderView.xib; sourceTree = "<group>"; };
		930F25EA1CDC2D8C003BD638 /* CommitCarHeaderView.xib */ = {isa = PBXFileReference; fileEncoding = 4; lastKnownFileType = file.xib; path = CommitCarHeaderView.xib; sourceTree = "<group>"; };
		930F64C21CD9D6990088052C /* VersionsViewController.h */ = {isa = PBXFileReference; fileEncoding = 4; lastKnownFileType = sourcecode.c.h; path = VersionsViewController.h; sourceTree = "<group>"; };
		930F64C31CD9D6990088052C /* VersionsViewController.m */ = {isa = PBXFileReference; fileEncoding = 4; lastKnownFileType = sourcecode.c.objc; path = VersionsViewController.m; sourceTree = "<group>"; };
		930F64C51CD9E65D0088052C /* GuideCell.h */ = {isa = PBXFileReference; fileEncoding = 4; lastKnownFileType = sourcecode.c.h; path = GuideCell.h; sourceTree = "<group>"; };
		930F64C61CD9E65D0088052C /* GuideCell.m */ = {isa = PBXFileReference; fileEncoding = 4; lastKnownFileType = sourcecode.c.objc; path = GuideCell.m; sourceTree = "<group>"; };
		930F64C81CD9EFD40088052C /* GuideHeaderView.h */ = {isa = PBXFileReference; fileEncoding = 4; lastKnownFileType = sourcecode.c.h; path = GuideHeaderView.h; sourceTree = "<group>"; };
		930F64C91CD9EFD40088052C /* GuideHeaderView.m */ = {isa = PBXFileReference; fileEncoding = 4; lastKnownFileType = sourcecode.c.objc; path = GuideHeaderView.m; sourceTree = "<group>"; };
		930F64CB1CD9EFE50088052C /* GuideHeaderView.xib */ = {isa = PBXFileReference; fileEncoding = 4; lastKnownFileType = file.xib; path = GuideHeaderView.xib; sourceTree = "<group>"; };
		9356233F1CD83B020019C8BA /* WorkStation.app */ = {isa = PBXFileReference; explicitFileType = wrapper.application; includeInIndex = 0; path = WorkStation.app; sourceTree = BUILT_PRODUCTS_DIR; };
		935623431CD83B020019C8BA /* main.m */ = {isa = PBXFileReference; lastKnownFileType = sourcecode.c.objc; path = main.m; sourceTree = "<group>"; };
		9356234E1CD83B020019C8BA /* Assets.xcassets */ = {isa = PBXFileReference; lastKnownFileType = folder.assetcatalog; path = Assets.xcassets; sourceTree = "<group>"; };
		935623511CD83B020019C8BA /* Base */ = {isa = PBXFileReference; lastKnownFileType = file.storyboard; name = Base; path = Base.lproj/LaunchScreen.storyboard; sourceTree = "<group>"; };
		935623531CD83B020019C8BA /* Info.plist */ = {isa = PBXFileReference; lastKnownFileType = text.plist.xml; path = Info.plist; sourceTree = "<group>"; };
		935623581CD83B020019C8BA /* WorkStationTests.xctest */ = {isa = PBXFileReference; explicitFileType = wrapper.cfbundle; includeInIndex = 0; path = WorkStationTests.xctest; sourceTree = BUILT_PRODUCTS_DIR; };
		9356235C1CD83B020019C8BA /* WorkStationTests.m */ = {isa = PBXFileReference; lastKnownFileType = sourcecode.c.objc; path = WorkStationTests.m; sourceTree = "<group>"; };
		9356235E1CD83B020019C8BA /* Info.plist */ = {isa = PBXFileReference; lastKnownFileType = text.plist.xml; path = Info.plist; sourceTree = "<group>"; };
		935623631CD83B020019C8BA /* WorkStationUITests.xctest */ = {isa = PBXFileReference; explicitFileType = wrapper.cfbundle; includeInIndex = 0; path = WorkStationUITests.xctest; sourceTree = BUILT_PRODUCTS_DIR; };
		935623671CD83B020019C8BA /* WorkStationUITests.m */ = {isa = PBXFileReference; lastKnownFileType = sourcecode.c.objc; path = WorkStationUITests.m; sourceTree = "<group>"; };
		935623691CD83B020019C8BA /* Info.plist */ = {isa = PBXFileReference; lastKnownFileType = text.plist.xml; path = Info.plist; sourceTree = "<group>"; };
		93A51EB61CD9965200DCCE14 /* GuideViewController.h */ = {isa = PBXFileReference; fileEncoding = 4; lastKnownFileType = sourcecode.c.h; path = GuideViewController.h; sourceTree = "<group>"; };
		93A51EB71CD9965200DCCE14 /* GuideViewController.m */ = {isa = PBXFileReference; fileEncoding = 4; lastKnownFileType = sourcecode.c.objc; path = GuideViewController.m; sourceTree = "<group>"; };
		93A51EB81CD9965200DCCE14 /* Guide.storyboard */ = {isa = PBXFileReference; fileEncoding = 4; lastKnownFileType = file.storyboard; path = Guide.storyboard; sourceTree = "<group>"; };
		93A51EDD1CD996BA00DCCE14 /* Working.storyboard */ = {isa = PBXFileReference; fileEncoding = 4; lastKnownFileType = file.storyboard; path = Working.storyboard; sourceTree = "<group>"; };
		93A51EDF1CD996CC00DCCE14 /* WareHouse.storyboard */ = {isa = PBXFileReference; fileEncoding = 4; lastKnownFileType = file.storyboard; path = WareHouse.storyboard; sourceTree = "<group>"; };
		93A51EE11CD996EE00DCCE14 /* Purchase.storyboard */ = {isa = PBXFileReference; fileEncoding = 4; lastKnownFileType = file.storyboard; path = Purchase.storyboard; sourceTree = "<group>"; };
		93A51EE31CD996F800DCCE14 /* Manager.storyboard */ = {isa = PBXFileReference; fileEncoding = 4; lastKnownFileType = file.storyboard; path = Manager.storyboard; sourceTree = "<group>"; };
		93A51EE51CD9971200DCCE14 /* WorkingViewController.h */ = {isa = PBXFileReference; fileEncoding = 4; lastKnownFileType = sourcecode.c.h; path = WorkingViewController.h; sourceTree = "<group>"; };
		93A51EE61CD9971200DCCE14 /* WorkingViewController.m */ = {isa = PBXFileReference; fileEncoding = 4; lastKnownFileType = sourcecode.c.objc; path = WorkingViewController.m; sourceTree = "<group>"; };
		93A51EE81CD9972200DCCE14 /* WareHouseViewController.h */ = {isa = PBXFileReference; fileEncoding = 4; lastKnownFileType = sourcecode.c.h; path = WareHouseViewController.h; sourceTree = "<group>"; };
		93A51EE91CD9972200DCCE14 /* WareHouseViewController.m */ = {isa = PBXFileReference; fileEncoding = 4; lastKnownFileType = sourcecode.c.objc; path = WareHouseViewController.m; sourceTree = "<group>"; };
		93A51EEB1CD9972D00DCCE14 /* PurcgaseViewController.h */ = {isa = PBXFileReference; fileEncoding = 4; lastKnownFileType = sourcecode.c.h; path = PurcgaseViewController.h; sourceTree = "<group>"; };
		93A51EEC1CD9972D00DCCE14 /* PurcgaseViewController.m */ = {isa = PBXFileReference; fileEncoding = 4; lastKnownFileType = sourcecode.c.objc; path = PurcgaseViewController.m; sourceTree = "<group>"; };
		93A51EEE1CD9973400DCCE14 /* ManagerViewController.h */ = {isa = PBXFileReference; fileEncoding = 4; lastKnownFileType = sourcecode.c.h; path = ManagerViewController.h; sourceTree = "<group>"; };
		93A51EEF1CD9973400DCCE14 /* ManagerViewController.m */ = {isa = PBXFileReference; fileEncoding = 4; lastKnownFileType = sourcecode.c.objc; path = ManagerViewController.m; sourceTree = "<group>"; };
		93A51EF61CD99B3800DCCE14 /* AppDelegate.h */ = {isa = PBXFileReference; fileEncoding = 4; lastKnownFileType = sourcecode.c.h; path = AppDelegate.h; sourceTree = "<group>"; };
		93A51EF71CD99B3800DCCE14 /* AppDelegate.m */ = {isa = PBXFileReference; fileEncoding = 4; lastKnownFileType = sourcecode.c.objc; path = AppDelegate.m; sourceTree = "<group>"; };
		93A51EF91CD99B3800DCCE14 /* RootViewController.h */ = {isa = PBXFileReference; fileEncoding = 4; lastKnownFileType = sourcecode.c.h; path = RootViewController.h; sourceTree = "<group>"; };
		93A51EFA1CD99B3800DCCE14 /* RootViewController.m */ = {isa = PBXFileReference; fileEncoding = 4; lastKnownFileType = sourcecode.c.objc; path = RootViewController.m; sourceTree = "<group>"; };
		93A51EFB1CD99B3800DCCE14 /* TabBarViewController.h */ = {isa = PBXFileReference; fileEncoding = 4; lastKnownFileType = sourcecode.c.h; path = TabBarViewController.h; sourceTree = "<group>"; };
		93A51EFC1CD99B3800DCCE14 /* TabBarViewController.m */ = {isa = PBXFileReference; fileEncoding = 4; lastKnownFileType = sourcecode.c.objc; path = TabBarViewController.m; sourceTree = "<group>"; };
		93A51EFE1CD99B3800DCCE14 /* Root.storyboard */ = {isa = PBXFileReference; fileEncoding = 4; lastKnownFileType = file.storyboard; path = Root.storyboard; sourceTree = "<group>"; };
		93A51F001CD99B3800DCCE14 /* UserCenterCell.h */ = {isa = PBXFileReference; fileEncoding = 4; lastKnownFileType = sourcecode.c.h; path = UserCenterCell.h; sourceTree = "<group>"; };
		93A51F011CD99B3800DCCE14 /* UserCenterCell.m */ = {isa = PBXFileReference; fileEncoding = 4; lastKnownFileType = sourcecode.c.objc; path = UserCenterCell.m; sourceTree = "<group>"; };
		93A51F021CD99B3800DCCE14 /* WorkStationHeader.pch */ = {isa = PBXFileReference; fileEncoding = 4; lastKnownFileType = sourcecode.c.h; path = WorkStationHeader.pch; sourceTree = "<group>"; };
		93A51F081CD9A2E100DCCE14 /* SettingViewController.h */ = {isa = PBXFileReference; fileEncoding = 4; lastKnownFileType = sourcecode.c.h; path = SettingViewController.h; sourceTree = "<group>"; };
		93A51F091CD9A2E100DCCE14 /* SettingViewController.m */ = {isa = PBXFileReference; fileEncoding = 4; lastKnownFileType = sourcecode.c.objc; path = SettingViewController.m; sourceTree = "<group>"; };
		93A51F0B1CD9A2EB00DCCE14 /* MessageViewController.h */ = {isa = PBXFileReference; fileEncoding = 4; lastKnownFileType = sourcecode.c.h; path = MessageViewController.h; sourceTree = "<group>"; };
		93A51F0C1CD9A2EB00DCCE14 /* MessageViewController.m */ = {isa = PBXFileReference; fileEncoding = 4; lastKnownFileType = sourcecode.c.objc; path = MessageViewController.m; sourceTree = "<group>"; };
		93A51F0E1CD9A38600DCCE14 /* MessageListCell.h */ = {isa = PBXFileReference; fileEncoding = 4; lastKnownFileType = sourcecode.c.h; path = MessageListCell.h; sourceTree = "<group>"; };
		93A51F0F1CD9A38600DCCE14 /* MessageListCell.m */ = {isa = PBXFileReference; fileEncoding = 4; lastKnownFileType = sourcecode.c.objc; path = MessageListCell.m; sourceTree = "<group>"; };
		93A51F111CD9A39300DCCE14 /* SettingListCell.h */ = {isa = PBXFileReference; fileEncoding = 4; lastKnownFileType = sourcecode.c.h; path = SettingListCell.h; sourceTree = "<group>"; };
		93A51F121CD9A39300DCCE14 /* SettingListCell.m */ = {isa = PBXFileReference; fileEncoding = 4; lastKnownFileType = sourcecode.c.objc; path = SettingListCell.m; sourceTree = "<group>"; };
		93A51F141CD9AB4400DCCE14 /* PrinterViewController.h */ = {isa = PBXFileReference; fileEncoding = 4; lastKnownFileType = sourcecode.c.h; path = PrinterViewController.h; sourceTree = "<group>"; };
		93A51F151CD9AB4400DCCE14 /* PrinterViewController.m */ = {isa = PBXFileReference; fileEncoding = 4; lastKnownFileType = sourcecode.c.objc; path = PrinterViewController.m; sourceTree = "<group>"; };
		93A51F171CD9B8BA00DCCE14 /* PrinterCell.h */ = {isa = PBXFileReference; fileEncoding = 4; lastKnownFileType = sourcecode.c.h; path = PrinterCell.h; sourceTree = "<group>"; };
		93A51F181CD9B8BA00DCCE14 /* PrinterCell.m */ = {isa = PBXFileReference; fileEncoding = 4; lastKnownFileType = sourcecode.c.objc; path = PrinterCell.m; sourceTree = "<group>"; };
		93A51F1D1CD9BD2100DCCE14 /* PrinterSectionView.xib */ = {isa = PBXFileReference; fileEncoding = 4; lastKnownFileType = file.xib; path = PrinterSectionView.xib; sourceTree = "<group>"; };
		93A51F1F1CD9BD4400DCCE14 /* PrinterSectionView.h */ = {isa = PBXFileReference; fileEncoding = 4; lastKnownFileType = sourcecode.c.h; path = PrinterSectionView.h; sourceTree = "<group>"; };
		93A51F201CD9BD4400DCCE14 /* PrinterSectionView.m */ = {isa = PBXFileReference; fileEncoding = 4; lastKnownFileType = sourcecode.c.objc; path = PrinterSectionView.m; sourceTree = "<group>"; };
		93A51F221CD9CDEA00DCCE14 /* ChangePasswordViewController.h */ = {isa = PBXFileReference; fileEncoding = 4; lastKnownFileType = sourcecode.c.h; path = ChangePasswordViewController.h; sourceTree = "<group>"; };
		93A51F231CD9CDEA00DCCE14 /* ChangePasswordViewController.m */ = {isa = PBXFileReference; fileEncoding = 4; lastKnownFileType = sourcecode.c.objc; path = ChangePasswordViewController.m; sourceTree = "<group>"; };
		93BFD7D51CDB3BA40029BD6F /* WorkingHeaderView.xib */ = {isa = PBXFileReference; fileEncoding = 4; lastKnownFileType = file.xib; path = WorkingHeaderView.xib; sourceTree = "<group>"; };
		93BFD7D71CDB3BB60029BD6F /* WorkingHeaderView.h */ = {isa = PBXFileReference; fileEncoding = 4; lastKnownFileType = sourcecode.c.h; path = WorkingHeaderView.h; sourceTree = "<group>"; };
		93BFD7D81CDB3BB60029BD6F /* WorkingHeaderView.m */ = {isa = PBXFileReference; fileEncoding = 4; lastKnownFileType = sourcecode.c.objc; path = WorkingHeaderView.m; sourceTree = "<group>"; };
		93BFD7DD1CDB4C330029BD6F /* WorkTimeChartViewController.h */ = {isa = PBXFileReference; fileEncoding = 4; lastKnownFileType = sourcecode.c.h; path = WorkTimeChartViewController.h; sourceTree = "<group>"; };
		93BFD7DE1CDB4C330029BD6F /* WorkTimeChartViewController.m */ = {isa = PBXFileReference; fileEncoding = 4; lastKnownFileType = sourcecode.c.objc; path = WorkTimeChartViewController.m; sourceTree = "<group>"; };
		93BFD7E31CDB4C7E0029BD6F /* CommitCarPercentViewController.h */ = {isa = PBXFileReference; fileEncoding = 4; lastKnownFileType = sourcecode.c.h; path = CommitCarPercentViewController.h; sourceTree = "<group>"; };
		93BFD7E41CDB4C7E0029BD6F /* CommitCarPercentViewController.m */ = {isa = PBXFileReference; fileEncoding = 4; lastKnownFileType = sourcecode.c.objc; path = CommitCarPercentViewController.m; sourceTree = "<group>"; };
		93BFD7E61CDB4C990029BD6F /* RepairPercentViewController.h */ = {isa = PBXFileReference; fileEncoding = 4; lastKnownFileType = sourcecode.c.h; path = RepairPercentViewController.h; sourceTree = "<group>"; };
		93BFD7E71CDB4C990029BD6F /* RepairPercentViewController.m */ = {isa = PBXFileReference; fileEncoding = 4; lastKnownFileType = sourcecode.c.objc; path = RepairPercentViewController.m; sourceTree = "<group>"; };
/* End PBXFileReference section */

/* Begin PBXFrameworksBuildPhase section */
		9356233C1CD83B020019C8BA /* Frameworks */ = {
			isa = PBXFrameworksBuildPhase;
			buildActionMask = 2147483647;
			files = (
			);
			runOnlyForDeploymentPostprocessing = 0;
		};
		935623551CD83B020019C8BA /* Frameworks */ = {
			isa = PBXFrameworksBuildPhase;
			buildActionMask = 2147483647;
			files = (
			);
			runOnlyForDeploymentPostprocessing = 0;
		};
		935623601CD83B020019C8BA /* Frameworks */ = {
			isa = PBXFrameworksBuildPhase;
			buildActionMask = 2147483647;
			files = (
			);
			runOnlyForDeploymentPostprocessing = 0;
		};
/* End PBXFrameworksBuildPhase section */

/* Begin PBXGroup section */
		935623361CD83B020019C8BA = {
			isa = PBXGroup;
			children = (
				935623411CD83B020019C8BA /* WorkStation */,
				9356235B1CD83B020019C8BA /* WorkStationTests */,
				935623661CD83B020019C8BA /* WorkStationUITests */,
				935623401CD83B020019C8BA /* Products */,
			);
			sourceTree = "<group>";
		};
		935623401CD83B020019C8BA /* Products */ = {
			isa = PBXGroup;
			children = (
				9356233F1CD83B020019C8BA /* WorkStation.app */,
				935623581CD83B020019C8BA /* WorkStationTests.xctest */,
				935623631CD83B020019C8BA /* WorkStationUITests.xctest */,
			);
			name = Products;
			sourceTree = "<group>";
		};
		935623411CD83B020019C8BA /* WorkStation */ = {
			isa = PBXGroup;
			children = (
				93A51EF51CD99B3800DCCE14 /* Root */,
				93A51EB41CD9965200DCCE14 /* Guide */,
				93A51ED21CD9965200DCCE14 /* Working */,
				93A51ECE1CD9965200DCCE14 /* WareHouse */,
				93A51EBF1CD9965200DCCE14 /* Purchase */,
				93A51EBB1CD9965200DCCE14 /* Manager */,
				9356234E1CD83B020019C8BA /* Assets.xcassets */,
				935623501CD83B020019C8BA /* LaunchScreen.storyboard */,
				935623531CD83B020019C8BA /* Info.plist */,
				935623421CD83B020019C8BA /* Supporting Files */,
			);
			path = WorkStation;
			sourceTree = "<group>";
		};
		935623421CD83B020019C8BA /* Supporting Files */ = {
			isa = PBXGroup;
			children = (
				935623431CD83B020019C8BA /* main.m */,
			);
			name = "Supporting Files";
			sourceTree = "<group>";
		};
		9356235B1CD83B020019C8BA /* WorkStationTests */ = {
			isa = PBXGroup;
			children = (
				9356235C1CD83B020019C8BA /* WorkStationTests.m */,
				9356235E1CD83B020019C8BA /* Info.plist */,
			);
			path = WorkStationTests;
			sourceTree = "<group>";
		};
		935623661CD83B020019C8BA /* WorkStationUITests */ = {
			isa = PBXGroup;
			children = (
				935623671CD83B020019C8BA /* WorkStationUITests.m */,
				935623691CD83B020019C8BA /* Info.plist */,
			);
			path = WorkStationUITests;
			sourceTree = "<group>";
		};
		93A51EB41CD9965200DCCE14 /* Guide */ = {
			isa = PBXGroup;
			children = (
				93A51EB81CD9965200DCCE14 /* Guide.storyboard */,
				93A51EB51CD9965200DCCE14 /* Controller */,
				93A51EB91CD9965200DCCE14 /* Model */,
				93A51EBA1CD9965200DCCE14 /* View */,
			);
			path = Guide;
			sourceTree = "<group>";
		};
		93A51EB51CD9965200DCCE14 /* Controller */ = {
			isa = PBXGroup;
			children = (
				93A51EB61CD9965200DCCE14 /* GuideViewController.h */,
				93A51EB71CD9965200DCCE14 /* GuideViewController.m */,
			);
			path = Controller;
			sourceTree = "<group>";
		};
		93A51EB91CD9965200DCCE14 /* Model */ = {
			isa = PBXGroup;
			children = (
			);
			path = Model;
			sourceTree = "<group>";
		};
		93A51EBA1CD9965200DCCE14 /* View */ = {
			isa = PBXGroup;
			children = (
				930F64C51CD9E65D0088052C /* GuideCell.h */,
				930F64C61CD9E65D0088052C /* GuideCell.m */,
				930F64C81CD9EFD40088052C /* GuideHeaderView.h */,
				930F64C91CD9EFD40088052C /* GuideHeaderView.m */,
				930F64CB1CD9EFE50088052C /* GuideHeaderView.xib */,
			);
			path = View;
			sourceTree = "<group>";
		};
		93A51EBB1CD9965200DCCE14 /* Manager */ = {
			isa = PBXGroup;
			children = (
				93A51EE31CD996F800DCCE14 /* Manager.storyboard */,
				93A51EBC1CD9965200DCCE14 /* Controller */,
				93A51EBD1CD9965200DCCE14 /* Model */,
				93A51EBE1CD9965200DCCE14 /* View */,
			);
			name = Manager;
			path = manager;
			sourceTree = "<group>";
		};
		93A51EBC1CD9965200DCCE14 /* Controller */ = {
			isa = PBXGroup;
			children = (
				93A51EEE1CD9973400DCCE14 /* ManagerViewController.h */,
				93A51EEF1CD9973400DCCE14 /* ManagerViewController.m */,
			);
			path = Controller;
			sourceTree = "<group>";
		};
		93A51EBD1CD9965200DCCE14 /* Model */ = {
			isa = PBXGroup;
			children = (
			);
			path = Model;
			sourceTree = "<group>";
		};
		93A51EBE1CD9965200DCCE14 /* View */ = {
			isa = PBXGroup;
			children = (
			);
			path = View;
			sourceTree = "<group>";
		};
		93A51EBF1CD9965200DCCE14 /* Purchase */ = {
			isa = PBXGroup;
			children = (
				93A51EE11CD996EE00DCCE14 /* Purchase.storyboard */,
				93A51EC01CD9965200DCCE14 /* Controller */,
				93A51EC11CD9965200DCCE14 /* Model */,
				93A51EC21CD9965200DCCE14 /* View */,
			);
			name = Purchase;
			path = purchase;
			sourceTree = "<group>";
		};
		93A51EC01CD9965200DCCE14 /* Controller */ = {
			isa = PBXGroup;
			children = (
				93A51EEB1CD9972D00DCCE14 /* PurcgaseViewController.h */,
				93A51EEC1CD9972D00DCCE14 /* PurcgaseViewController.m */,
			);
			path = Controller;
			sourceTree = "<group>";
		};
		93A51EC11CD9965200DCCE14 /* Model */ = {
			isa = PBXGroup;
			children = (
			);
			path = Model;
			sourceTree = "<group>";
		};
		93A51EC21CD9965200DCCE14 /* View */ = {
			isa = PBXGroup;
			children = (
			);
			path = View;
			sourceTree = "<group>";
		};
		93A51ECE1CD9965200DCCE14 /* WareHouse */ = {
			isa = PBXGroup;
			children = (
				93A51EDF1CD996CC00DCCE14 /* WareHouse.storyboard */,
				93A51ECF1CD9965200DCCE14 /* Controller */,
				93A51ED01CD9965200DCCE14 /* Model */,
				93A51ED11CD9965200DCCE14 /* View */,
			);
			path = WareHouse;
			sourceTree = "<group>";
		};
		93A51ECF1CD9965200DCCE14 /* Controller */ = {
			isa = PBXGroup;
			children = (
				93A51EE81CD9972200DCCE14 /* WareHouseViewController.h */,
				93A51EE91CD9972200DCCE14 /* WareHouseViewController.m */,
			);
			path = Controller;
			sourceTree = "<group>";
		};
		93A51ED01CD9965200DCCE14 /* Model */ = {
			isa = PBXGroup;
			children = (
			);
			path = Model;
			sourceTree = "<group>";
		};
		93A51ED11CD9965200DCCE14 /* View */ = {
			isa = PBXGroup;
			children = (
			);
			path = View;
			sourceTree = "<group>";
		};
		93A51ED21CD9965200DCCE14 /* Working */ = {
			isa = PBXGroup;
			children = (
				93A51EDD1CD996BA00DCCE14 /* Working.storyboard */,
				93A51ED31CD9965200DCCE14 /* Controller */,
				93A51ED41CD9965200DCCE14 /* Model */,
				93A51ED51CD9965200DCCE14 /* View */,
			);
			path = Working;
			sourceTree = "<group>";
		};
		93A51ED31CD9965200DCCE14 /* Controller */ = {
			isa = PBXGroup;
			children = (
				93A51EE51CD9971200DCCE14 /* WorkingViewController.h */,
				93A51EE61CD9971200DCCE14 /* WorkingViewController.m */,
				93BFD7DD1CDB4C330029BD6F /* WorkTimeChartViewController.h */,
				93BFD7DE1CDB4C330029BD6F /* WorkTimeChartViewController.m */,
				93BFD7E31CDB4C7E0029BD6F /* CommitCarPercentViewController.h */,
				93BFD7E41CDB4C7E0029BD6F /* CommitCarPercentViewController.m */,
				93BFD7E61CDB4C990029BD6F /* RepairPercentViewController.h */,
				93BFD7E71CDB4C990029BD6F /* RepairPercentViewController.m */,
			);
			path = Controller;
			sourceTree = "<group>";
		};
		93A51ED41CD9965200DCCE14 /* Model */ = {
			isa = PBXGroup;
			children = (
			);
			path = Model;
			sourceTree = "<group>";
		};
		93A51ED51CD9965200DCCE14 /* View */ = {
			isa = PBXGroup;
			children = (
				930F25DF1CDC2A10003BD638 /* ServiceTitleCell.h */,
				930F25E01CDC2A10003BD638 /* ServiceTitleCell.m */,
				930F25D91CDC29A5003BD638 /* WorkTimeCell.h */,
				930F25DA1CDC29A5003BD638 /* WorkTimeCell.m */,
				930F25DC1CDC29B9003BD638 /* CommitCarCell.h */,
				930F25DD1CDC29B9003BD638 /* CommitCarCell.m */,
				93BFD7D71CDB3BB60029BD6F /* WorkingHeaderView.h */,
				93BFD7D81CDB3BB60029BD6F /* WorkingHeaderView.m */,
				93BFD7D51CDB3BA40029BD6F /* WorkingHeaderView.xib */,
				930F25E21CDC2D5B003BD638 /* WorkTimeHeaderView.h */,
				930F25E31CDC2D5B003BD638 /* WorkTimeHeaderView.m */,
				930F25E81CDC2D80003BD638 /* WorkTimeHeaderView.xib */,
				930F25E51CDC2D6B003BD638 /* CommitCarHeaderView.h */,
				930F25E61CDC2D6B003BD638 /* CommitCarHeaderView.m */,
				930F25EA1CDC2D8C003BD638 /* CommitCarHeaderView.xib */,
			);
			path = View;
			sourceTree = "<group>";
		};
		93A51EF51CD99B3800DCCE14 /* Root */ = {
			isa = PBXGroup;
			children = (
				93A51EF61CD99B3800DCCE14 /* AppDelegate.h */,
				93A51EF71CD99B3800DCCE14 /* AppDelegate.m */,
				93A51F021CD99B3800DCCE14 /* WorkStationHeader.pch */,
				93A51EFE1CD99B3800DCCE14 /* Root.storyboard */,
				93A51EF81CD99B3800DCCE14 /* Controller */,
				93A51EFD1CD99B3800DCCE14 /* Model */,
				93A51EFF1CD99B3800DCCE14 /* View */,
			);
			path = Root;
			sourceTree = "<group>";
		};
		93A51EF81CD99B3800DCCE14 /* Controller */ = {
			isa = PBXGroup;
			children = (
				93A51EF91CD99B3800DCCE14 /* RootViewController.h */,
				93A51EFA1CD99B3800DCCE14 /* RootViewController.m */,
				93A51EFB1CD99B3800DCCE14 /* TabBarViewController.h */,
				93A51EFC1CD99B3800DCCE14 /* TabBarViewController.m */,
				93A51F0B1CD9A2EB00DCCE14 /* MessageViewController.h */,
				93A51F0C1CD9A2EB00DCCE14 /* MessageViewController.m */,
				93A51F081CD9A2E100DCCE14 /* SettingViewController.h */,
				93A51F091CD9A2E100DCCE14 /* SettingViewController.m */,
				93A51F141CD9AB4400DCCE14 /* PrinterViewController.h */,
				93A51F151CD9AB4400DCCE14 /* PrinterViewController.m */,
				93A51F221CD9CDEA00DCCE14 /* ChangePasswordViewController.h */,
				93A51F231CD9CDEA00DCCE14 /* ChangePasswordViewController.m */,
				930F64C21CD9D6990088052C /* VersionsViewController.h */,
				930F64C31CD9D6990088052C /* VersionsViewController.m */,
			);
			path = Controller;
			sourceTree = "<group>";
		};
		93A51EFD1CD99B3800DCCE14 /* Model */ = {
			isa = PBXGroup;
			children = (
			);
			path = Model;
			sourceTree = "<group>";
		};
		93A51EFF1CD99B3800DCCE14 /* View */ = {
			isa = PBXGroup;
			children = (
				93A51F001CD99B3800DCCE14 /* UserCenterCell.h */,
				93A51F011CD99B3800DCCE14 /* UserCenterCell.m */,
				93A51F0E1CD9A38600DCCE14 /* MessageListCell.h */,
				93A51F0F1CD9A38600DCCE14 /* MessageListCell.m */,
				93A51F111CD9A39300DCCE14 /* SettingListCell.h */,
				93A51F121CD9A39300DCCE14 /* SettingListCell.m */,
				93A51F171CD9B8BA00DCCE14 /* PrinterCell.h */,
				93A51F181CD9B8BA00DCCE14 /* PrinterCell.m */,
				93A51F1F1CD9BD4400DCCE14 /* PrinterSectionView.h */,
				93A51F201CD9BD4400DCCE14 /* PrinterSectionView.m */,
				93A51F1D1CD9BD2100DCCE14 /* PrinterSectionView.xib */,
			);
			path = View;
			sourceTree = "<group>";
		};
/* End PBXGroup section */

/* Begin PBXNativeTarget section */
		9356233E1CD83B020019C8BA /* WorkStation */ = {
			isa = PBXNativeTarget;
			buildConfigurationList = 9356236C1CD83B020019C8BA /* Build configuration list for PBXNativeTarget "WorkStation" */;
			buildPhases = (
				9356233B1CD83B020019C8BA /* Sources */,
				9356233C1CD83B020019C8BA /* Frameworks */,
				9356233D1CD83B020019C8BA /* Resources */,
			);
			buildRules = (
			);
			dependencies = (
			);
			name = WorkStation;
			productName = WorkStation;
			productReference = 9356233F1CD83B020019C8BA /* WorkStation.app */;
			productType = "com.apple.product-type.application";
		};
		935623571CD83B020019C8BA /* WorkStationTests */ = {
			isa = PBXNativeTarget;
			buildConfigurationList = 9356236F1CD83B020019C8BA /* Build configuration list for PBXNativeTarget "WorkStationTests" */;
			buildPhases = (
				935623541CD83B020019C8BA /* Sources */,
				935623551CD83B020019C8BA /* Frameworks */,
				935623561CD83B020019C8BA /* Resources */,
			);
			buildRules = (
			);
			dependencies = (
				9356235A1CD83B020019C8BA /* PBXTargetDependency */,
			);
			name = WorkStationTests;
			productName = WorkStationTests;
			productReference = 935623581CD83B020019C8BA /* WorkStationTests.xctest */;
			productType = "com.apple.product-type.bundle.unit-test";
		};
		935623621CD83B020019C8BA /* WorkStationUITests */ = {
			isa = PBXNativeTarget;
			buildConfigurationList = 935623721CD83B020019C8BA /* Build configuration list for PBXNativeTarget "WorkStationUITests" */;
			buildPhases = (
				9356235F1CD83B020019C8BA /* Sources */,
				935623601CD83B020019C8BA /* Frameworks */,
				935623611CD83B020019C8BA /* Resources */,
			);
			buildRules = (
			);
			dependencies = (
				935623651CD83B020019C8BA /* PBXTargetDependency */,
			);
			name = WorkStationUITests;
			productName = WorkStationUITests;
			productReference = 935623631CD83B020019C8BA /* WorkStationUITests.xctest */;
			productType = "com.apple.product-type.bundle.ui-testing";
		};
/* End PBXNativeTarget section */

/* Begin PBXProject section */
		935623371CD83B020019C8BA /* Project object */ = {
			isa = PBXProject;
			attributes = {
				LastUpgradeCheck = 0730;
				ORGANIZATIONNAME = "薛焱";
				TargetAttributes = {
					9356233E1CD83B020019C8BA = {
						CreatedOnToolsVersion = 7.3;
					};
					935623571CD83B020019C8BA = {
						CreatedOnToolsVersion = 7.3;
						TestTargetID = 9356233E1CD83B020019C8BA;
					};
					935623621CD83B020019C8BA = {
						CreatedOnToolsVersion = 7.3;
						TestTargetID = 9356233E1CD83B020019C8BA;
					};
				};
			};
			buildConfigurationList = 9356233A1CD83B020019C8BA /* Build configuration list for PBXProject "WorkStation" */;
			compatibilityVersion = "Xcode 3.2";
			developmentRegion = English;
			hasScannedForEncodings = 0;
			knownRegions = (
				en,
				Base,
			);
			mainGroup = 935623361CD83B020019C8BA;
			productRefGroup = 935623401CD83B020019C8BA /* Products */;
			projectDirPath = "";
			projectRoot = "";
			targets = (
				9356233E1CD83B020019C8BA /* WorkStation */,
				935623571CD83B020019C8BA /* WorkStationTests */,
				935623621CD83B020019C8BA /* WorkStationUITests */,
			);
		};
/* End PBXProject section */

/* Begin PBXResourcesBuildPhase section */
		9356233D1CD83B020019C8BA /* Resources */ = {
			isa = PBXResourcesBuildPhase;
			buildActionMask = 2147483647;
			files = (
				935623521CD83B020019C8BA /* LaunchScreen.storyboard in Resources */,
				930F25E91CDC2D80003BD638 /* WorkTimeHeaderView.xib in Resources */,
				930F25EB1CDC2D8C003BD638 /* CommitCarHeaderView.xib in Resources */,
				9356234F1CD83B020019C8BA /* Assets.xcassets in Resources */,
				930F64CC1CD9EFE50088052C /* GuideHeaderView.xib in Resources */,
				93BFD7D61CDB3BA40029BD6F /* WorkingHeaderView.xib in Resources */,
				93A51F061CD99B3800DCCE14 /* Root.storyboard in Resources */,
				93A51EE01CD996CC00DCCE14 /* WareHouse.storyboard in Resources */,
				93A51EE41CD996F800DCCE14 /* Manager.storyboard in Resources */,
				93A51ED71CD9965200DCCE14 /* Guide.storyboard in Resources */,
				93A51F1E1CD9BD2100DCCE14 /* PrinterSectionView.xib in Resources */,
				93A51EE21CD996EE00DCCE14 /* Purchase.storyboard in Resources */,
				93A51EDE1CD996BA00DCCE14 /* Working.storyboard in Resources */,
			);
			runOnlyForDeploymentPostprocessing = 0;
		};
		935623561CD83B020019C8BA /* Resources */ = {
			isa = PBXResourcesBuildPhase;
			buildActionMask = 2147483647;
			files = (
			);
			runOnlyForDeploymentPostprocessing = 0;
		};
		935623611CD83B020019C8BA /* Resources */ = {
			isa = PBXResourcesBuildPhase;
			buildActionMask = 2147483647;
			files = (
			);
			runOnlyForDeploymentPostprocessing = 0;
		};
/* End PBXResourcesBuildPhase section */

/* Begin PBXSourcesBuildPhase section */
		9356233B1CD83B020019C8BA /* Sources */ = {
			isa = PBXSourcesBuildPhase;
			buildActionMask = 2147483647;
			files = (
				93A51EE71CD9971200DCCE14 /* WorkingViewController.m in Sources */,
				935623441CD83B020019C8BA /* main.m in Sources */,
				93A51F041CD99B3800DCCE14 /* RootViewController.m in Sources */,
				93A51ED61CD9965200DCCE14 /* GuideViewController.m in Sources */,
				93BFD7E51CDB4C7E0029BD6F /* CommitCarPercentViewController.m in Sources */,
				930F64C71CD9E65D0088052C /* GuideCell.m in Sources */,
				93A51EF01CD9973400DCCE14 /* ManagerViewController.m in Sources */,
				93A51F161CD9AB4400DCCE14 /* PrinterViewController.m in Sources */,
				93BFD7E81CDB4C990029BD6F /* RepairPercentViewController.m in Sources */,
				93A51EED1CD9972D00DCCE14 /* PurcgaseViewController.m in Sources */,
				93A51F241CD9CDEA00DCCE14 /* ChangePasswordViewController.m in Sources */,
				93A51F131CD9A39300DCCE14 /* SettingListCell.m in Sources */,
				93A51F101CD9A38600DCCE14 /* MessageListCell.m in Sources */,
				930F25E41CDC2D5B003BD638 /* WorkTimeHeaderView.m in Sources */,
				93A51F0D1CD9A2EB00DCCE14 /* MessageViewController.m in Sources */,
				930F64CA1CD9EFD40088052C /* GuideHeaderView.m in Sources */,
				93A51EEA1CD9972200DCCE14 /* WareHouseViewController.m in Sources */,
				930F64C41CD9D6990088052C /* VersionsViewController.m in Sources */,
				93A51F071CD99B3800DCCE14 /* UserCenterCell.m in Sources */,
				930F25DE1CDC29B9003BD638 /* CommitCarCell.m in Sources */,
				93A51F191CD9B8BA00DCCE14 /* PrinterCell.m in Sources */,
				930F25E71CDC2D6B003BD638 /* CommitCarHeaderView.m in Sources */,
				93A51F051CD99B3800DCCE14 /* TabBarViewController.m in Sources */,
				93BFD7DF1CDB4C330029BD6F /* WorkTimeChartViewController.m in Sources */,
				93A51F211CD9BD4400DCCE14 /* PrinterSectionView.m in Sources */,
				93A51F0A1CD9A2E100DCCE14 /* SettingViewController.m in Sources */,
				930F25E11CDC2A10003BD638 /* ServiceTitleCell.m in Sources */,
				93A51F031CD99B3800DCCE14 /* AppDelegate.m in Sources */,
				93BFD7D91CDB3BB60029BD6F /* WorkingHeaderView.m in Sources */,
				930F25DB1CDC29A5003BD638 /* WorkTimeCell.m in Sources */,
			);
			runOnlyForDeploymentPostprocessing = 0;
		};
		935623541CD83B020019C8BA /* Sources */ = {
			isa = PBXSourcesBuildPhase;
			buildActionMask = 2147483647;
			files = (
				9356235D1CD83B020019C8BA /* WorkStationTests.m in Sources */,
			);
			runOnlyForDeploymentPostprocessing = 0;
		};
		9356235F1CD83B020019C8BA /* Sources */ = {
			isa = PBXSourcesBuildPhase;
			buildActionMask = 2147483647;
			files = (
				935623681CD83B020019C8BA /* WorkStationUITests.m in Sources */,
			);
			runOnlyForDeploymentPostprocessing = 0;
		};
/* End PBXSourcesBuildPhase section */

/* Begin PBXTargetDependency section */
		9356235A1CD83B020019C8BA /* PBXTargetDependency */ = {
			isa = PBXTargetDependency;
			target = 9356233E1CD83B020019C8BA /* WorkStation */;
			targetProxy = 935623591CD83B020019C8BA /* PBXContainerItemProxy */;
		};
		935623651CD83B020019C8BA /* PBXTargetDependency */ = {
			isa = PBXTargetDependency;
			target = 9356233E1CD83B020019C8BA /* WorkStation */;
			targetProxy = 935623641CD83B020019C8BA /* PBXContainerItemProxy */;
		};
/* End PBXTargetDependency section */

/* Begin PBXVariantGroup section */
		935623501CD83B020019C8BA /* LaunchScreen.storyboard */ = {
			isa = PBXVariantGroup;
			children = (
				935623511CD83B020019C8BA /* Base */,
			);
			name = LaunchScreen.storyboard;
			sourceTree = "<group>";
		};
/* End PBXVariantGroup section */

/* Begin XCBuildConfiguration section */
		9356236A1CD83B020019C8BA /* Debug */ = {
			isa = XCBuildConfiguration;
			buildSettings = {
				ALWAYS_SEARCH_USER_PATHS = NO;
				CLANG_ANALYZER_NONNULL = YES;
				CLANG_CXX_LANGUAGE_STANDARD = "gnu++0x";
				CLANG_CXX_LIBRARY = "libc++";
				CLANG_ENABLE_MODULES = YES;
				CLANG_ENABLE_OBJC_ARC = YES;
				CLANG_WARN_BOOL_CONVERSION = YES;
				CLANG_WARN_CONSTANT_CONVERSION = YES;
				CLANG_WARN_DIRECT_OBJC_ISA_USAGE = YES_ERROR;
				CLANG_WARN_EMPTY_BODY = YES;
				CLANG_WARN_ENUM_CONVERSION = YES;
				CLANG_WARN_INT_CONVERSION = YES;
				CLANG_WARN_OBJC_ROOT_CLASS = YES_ERROR;
				CLANG_WARN_UNREACHABLE_CODE = YES;
				CLANG_WARN__DUPLICATE_METHOD_MATCH = YES;
				"CODE_SIGN_IDENTITY[sdk=iphoneos*]" = "iPhone Developer";
				COPY_PHASE_STRIP = NO;
				DEBUG_INFORMATION_FORMAT = dwarf;
				ENABLE_STRICT_OBJC_MSGSEND = YES;
				ENABLE_TESTABILITY = YES;
				GCC_C_LANGUAGE_STANDARD = gnu99;
				GCC_DYNAMIC_NO_PIC = NO;
				GCC_NO_COMMON_BLOCKS = YES;
				GCC_OPTIMIZATION_LEVEL = 0;
				GCC_PREPROCESSOR_DEFINITIONS = (
					"DEBUG=1",
					"$(inherited)",
				);
				GCC_WARN_64_TO_32_BIT_CONVERSION = YES;
				GCC_WARN_ABOUT_RETURN_TYPE = YES_ERROR;
				GCC_WARN_UNDECLARED_SELECTOR = YES;
				GCC_WARN_UNINITIALIZED_AUTOS = YES_AGGRESSIVE;
				GCC_WARN_UNUSED_FUNCTION = YES;
				GCC_WARN_UNUSED_VARIABLE = YES;
				IPHONEOS_DEPLOYMENT_TARGET = 9.3;
				MTL_ENABLE_DEBUG_INFO = YES;
				ONLY_ACTIVE_ARCH = YES;
				SDKROOT = iphoneos;
				TARGETED_DEVICE_FAMILY = "1,2";
			};
			name = Debug;
		};
		9356236B1CD83B020019C8BA /* Release */ = {
			isa = XCBuildConfiguration;
			buildSettings = {
				ALWAYS_SEARCH_USER_PATHS = NO;
				CLANG_ANALYZER_NONNULL = YES;
				CLANG_CXX_LANGUAGE_STANDARD = "gnu++0x";
				CLANG_CXX_LIBRARY = "libc++";
				CLANG_ENABLE_MODULES = YES;
				CLANG_ENABLE_OBJC_ARC = YES;
				CLANG_WARN_BOOL_CONVERSION = YES;
				CLANG_WARN_CONSTANT_CONVERSION = YES;
				CLANG_WARN_DIRECT_OBJC_ISA_USAGE = YES_ERROR;
				CLANG_WARN_EMPTY_BODY = YES;
				CLANG_WARN_ENUM_CONVERSION = YES;
				CLANG_WARN_INT_CONVERSION = YES;
				CLANG_WARN_OBJC_ROOT_CLASS = YES_ERROR;
				CLANG_WARN_UNREACHABLE_CODE = YES;
				CLANG_WARN__DUPLICATE_METHOD_MATCH = YES;
				"CODE_SIGN_IDENTITY[sdk=iphoneos*]" = "iPhone Developer";
				COPY_PHASE_STRIP = NO;
				DEBUG_INFORMATION_FORMAT = "dwarf-with-dsym";
				ENABLE_NS_ASSERTIONS = NO;
				ENABLE_STRICT_OBJC_MSGSEND = YES;
				GCC_C_LANGUAGE_STANDARD = gnu99;
				GCC_NO_COMMON_BLOCKS = YES;
				GCC_WARN_64_TO_32_BIT_CONVERSION = YES;
				GCC_WARN_ABOUT_RETURN_TYPE = YES_ERROR;
				GCC_WARN_UNDECLARED_SELECTOR = YES;
				GCC_WARN_UNINITIALIZED_AUTOS = YES_AGGRESSIVE;
				GCC_WARN_UNUSED_FUNCTION = YES;
				GCC_WARN_UNUSED_VARIABLE = YES;
				IPHONEOS_DEPLOYMENT_TARGET = 9.3;
				MTL_ENABLE_DEBUG_INFO = NO;
				SDKROOT = iphoneos;
				TARGETED_DEVICE_FAMILY = "1,2";
				VALIDATE_PRODUCT = YES;
			};
			name = Release;
		};
		9356236D1CD83B020019C8BA /* Debug */ = {
			isa = XCBuildConfiguration;
			buildSettings = {
				ASSETCATALOG_COMPILER_APPICON_NAME = AppIcon;
				CODE_SIGN_IDENTITY = "iPhone Developer";
				"CODE_SIGN_IDENTITY[sdk=iphoneos*]" = "iPhone Developer";
				GCC_PREFIX_HEADER = "$(SRCROOT)/WorkStation/Root/WorkStationHeader.pch";
				INFOPLIST_FILE = WorkStation/Info.plist;
				LD_RUNPATH_SEARCH_PATHS = "$(inherited) @executable_path/Frameworks";
				PRODUCT_BUNDLE_IDENTIFIER = com.xueyan.WorkStation;
				PRODUCT_NAME = "$(TARGET_NAME)";
				PROVISIONING_PROFILE = "";
			};
			name = Debug;
		};
		9356236E1CD83B020019C8BA /* Release */ = {
			isa = XCBuildConfiguration;
			buildSettings = {
				ASSETCATALOG_COMPILER_APPICON_NAME = AppIcon;
				CODE_SIGN_IDENTITY = "iPhone Developer";
				"CODE_SIGN_IDENTITY[sdk=iphoneos*]" = "iPhone Developer";
				GCC_PREFIX_HEADER = "$(SRCROOT)/WorkStation/Root/WorkStationHeader.pch";
				INFOPLIST_FILE = WorkStation/Info.plist;
				LD_RUNPATH_SEARCH_PATHS = "$(inherited) @executable_path/Frameworks";
				PRODUCT_BUNDLE_IDENTIFIER = com.xueyan.WorkStation;
				PRODUCT_NAME = "$(TARGET_NAME)";
				PROVISIONING_PROFILE = "";
			};
			name = Release;
		};
		935623701CD83B020019C8BA /* Debug */ = {
			isa = XCBuildConfiguration;
			buildSettings = {
				BUNDLE_LOADER = "$(TEST_HOST)";
				INFOPLIST_FILE = WorkStationTests/Info.plist;
				LD_RUNPATH_SEARCH_PATHS = "$(inherited) @executable_path/Frameworks @loader_path/Frameworks";
				PRODUCT_BUNDLE_IDENTIFIER = com.cjm.xueyan.WorkStationTests;
				PRODUCT_NAME = "$(TARGET_NAME)";
				TEST_HOST = "$(BUILT_PRODUCTS_DIR)/WorkStation.app/WorkStation";
			};
			name = Debug;
		};
		935623711CD83B020019C8BA /* Release */ = {
			isa = XCBuildConfiguration;
			buildSettings = {
				BUNDLE_LOADER = "$(TEST_HOST)";
				INFOPLIST_FILE = WorkStationTests/Info.plist;
				LD_RUNPATH_SEARCH_PATHS = "$(inherited) @executable_path/Frameworks @loader_path/Frameworks";
				PRODUCT_BUNDLE_IDENTIFIER = com.cjm.xueyan.WorkStationTests;
				PRODUCT_NAME = "$(TARGET_NAME)";
				TEST_HOST = "$(BUILT_PRODUCTS_DIR)/WorkStation.app/WorkStation";
			};
			name = Release;
		};
		935623731CD83B020019C8BA /* Debug */ = {
			isa = XCBuildConfiguration;
			buildSettings = {
				INFOPLIST_FILE = WorkStationUITests/Info.plist;
				LD_RUNPATH_SEARCH_PATHS = "$(inherited) @executable_path/Frameworks @loader_path/Frameworks";
				PRODUCT_BUNDLE_IDENTIFIER = com.cjm.xueyan.WorkStationUITests;
				PRODUCT_NAME = "$(TARGET_NAME)";
				TEST_TARGET_NAME = WorkStation;
			};
			name = Debug;
		};
		935623741CD83B020019C8BA /* Release */ = {
			isa = XCBuildConfiguration;
			buildSettings = {
				INFOPLIST_FILE = WorkStationUITests/Info.plist;
				LD_RUNPATH_SEARCH_PATHS = "$(inherited) @executable_path/Frameworks @loader_path/Frameworks";
				PRODUCT_BUNDLE_IDENTIFIER = com.cjm.xueyan.WorkStationUITests;
				PRODUCT_NAME = "$(TARGET_NAME)";
				TEST_TARGET_NAME = WorkStation;
			};
			name = Release;
		};
/* End XCBuildConfiguration section */

/* Begin XCConfigurationList section */
		9356233A1CD83B020019C8BA /* Build configuration list for PBXProject "WorkStation" */ = {
			isa = XCConfigurationList;
			buildConfigurations = (
				9356236A1CD83B020019C8BA /* Debug */,
				9356236B1CD83B020019C8BA /* Release */,
			);
			defaultConfigurationIsVisible = 0;
			defaultConfigurationName = Release;
		};
		9356236C1CD83B020019C8BA /* Build configuration list for PBXNativeTarget "WorkStation" */ = {
			isa = XCConfigurationList;
			buildConfigurations = (
				9356236D1CD83B020019C8BA /* Debug */,
				9356236E1CD83B020019C8BA /* Release */,
			);
			defaultConfigurationIsVisible = 0;
			defaultConfigurationName = Release;
		};
		9356236F1CD83B020019C8BA /* Build configuration list for PBXNativeTarget "WorkStationTests" */ = {
			isa = XCConfigurationList;
			buildConfigurations = (
				935623701CD83B020019C8BA /* Debug */,
				935623711CD83B020019C8BA /* Release */,
			);
			defaultConfigurationIsVisible = 0;
			defaultConfigurationName = Release;
		};
		935623721CD83B020019C8BA /* Build configuration list for PBXNativeTarget "WorkStationUITests" */ = {
			isa = XCConfigurationList;
			buildConfigurations = (
				935623731CD83B020019C8BA /* Debug */,
				935623741CD83B020019C8BA /* Release */,
			);
			defaultConfigurationIsVisible = 0;
			defaultConfigurationName = Release;
		};
/* End XCConfigurationList section */
	};
	rootObject = 935623371CD83B020019C8BA /* Project object */;
}
